dependencies:
- name: smartface
  repository: oci://ghcr.io/innovatrics/sf-helm
  version: 0.8.6
- name: graphql-engine
  repository: https://hasura.github.io/helm-charts
  version: 0.6.0
digest: sha256:ec5f101587f2eaffeffe2ccab3887851ba20e8e91552f01ffdea77b1fa4f931a
generated: "2024-11-26T09:32:38.58278651Z"
